
Microsoft Visual Studio Solution File, Format Version 12.00
# Visual Studio 15
Project("{FAE04EC0-301F-11D3-BF4B-00C04F79EFBC}") = "Assembly-CSharp", "Assembly-CSharp.csproj", "{57218C75-3E64-5E6D-9B50-85367B9BFEDB}"
EndProject
Project("{FAE04EC0-301F-11D3-BF4B-00C04F79EFBC}") = "Assembly-CSharp-Editor", "Assembly-CSharp-Editor.csproj", "{A2D36F2F-F5F8-C86F-C227-F7388002CD40}"
EndProject
Global
	GlobalSection(SolutionConfigurationPlatforms) = preSolution
		Debug|Any CPU = Debug|Any CPU
		Release|Any CPU = Release|Any CPU
	EndGlobalSection
	GlobalSection(ProjectConfigurationPlatforms) = postSolution
		{57218C75-3E64-5E6D-9B50-85367B9BFEDB}.Debug|Any CPU.ActiveCfg = Debug|Any CPU
		{57218C75-3E64-5E6D-9B50-85367B9BFEDB}.Debug|Any CPU.Build.0 = Debug|Any CPU
		{57218C75-3E64-5E6D-9B50-85367B9BFEDB}.Release|Any CPU.ActiveCfg = Release|Any CPU
		{57218C75-3E64-5E6D-9B50-85367B9BFEDB}.Release|Any CPU.Build.0 = Release|Any CPU
		{A2D36F2F-F5F8-C86F-C227-F7388002CD40}.Debug|Any CPU.ActiveCfg = Debug|Any CPU
		{A2D36F2F-F5F8-C86F-C227-F7388002CD40}.Debug|Any CPU.Build.0 = Debug|Any CPU
		{A2D36F2F-F5F8-C86F-C227-F7388002CD40}.Release|Any CPU.ActiveCfg = Release|Any CPU
		{A2D36F2F-F5F8-C86F-C227-F7388002CD40}.Release|Any CPU.Build.0 = Release|Any CPU
	EndGlobalSection
	GlobalSection(SolutionProperties) = preSolution
		HideSolutionNode = FALSE
	EndGlobalSection
EndGlobal
